
Microsoft Visual Studio Solution File, Format Version 12.00
# Visual Studio Version 18
VisualStudioVersion = 18.4.11612.150
MinimumVisualStudioVersion = 10.0.40219.1
Project("{2150E333-8FDC-42A3-9474-1A3956D46DE8}") = "Src", "Src", "{E3E30E59-E3EF-4E92-82E0-9FF6123508D5}"
EndProject
Project("{FAE04EC0-301F-11D3-BF4B-00C04F79EFBC}") = "DART.BlackduckAnalysis", "Src\DART.BlackduckAnalysis\DART.BlackduckAnalysis.csproj", "{CA31BB0A-8DF6-083B-DC74-B6F047BCC36E}"
EndProject
Project("{FAE04EC0-301F-11D3-BF4B-00C04F79EFBC}") = "DART.Console", "Src\DART.Console\DART.Console.csproj", "{CF724A06-2987-3289-0554-5150C8E5DBAF}"
EndProject
Project("{FAE04EC0-301F-11D3-BF4B-00C04F79EFBC}") = "DART.Core", "Src\DART.Core\DART.Core.csproj", "{4E3BE213-5F51-E0A1-5135-31F16AB875B6}"
EndProject
Project("{FAE04EC0-301F-11D3-BF4B-00C04F79EFBC}") = "DART.EOLAnalysis", "Src\DART.EOLAnalysis\DART.EOLAnalysis.csproj", "{42D20F8F-7FB1-6F85-F16F-0399667FC2C2}"
EndProject
Project("{FAE04EC0-301F-11D3-BF4B-00C04F79EFBC}") = "DART.ReportGenerator", "Src\DART.ReportGenerator\DART.ReportGenerator.csproj", "{78092481-BC43-50F1-DCC1-1C1B277D19D2}"
EndProject
Project("{2150E333-8FDC-42A3-9474-1A3956D46DE8}") = "Tests", "Tests", "{578B6E89-CECF-4525-8892-E6ED9B71A7BF}"
EndProject
Project("{FAE04EC0-301F-11D3-BF4B-00C04F79EFBC}") = "DART.Console.Tests", "Tests\DART.Console.Tests\DART.Console.Tests.csproj", "{F9591E92-5869-478C-A6EB-50C5428E98FE}"
EndProject
Project("{FAE04EC0-301F-11D3-BF4B-00C04F79EFBC}") = "DART.BlackduckAnalysis.Tests", "Tests\DART.BlackduckAnalysis.Tests\DART.BlackduckAnalysis.Tests.csproj", "{5B686C1C-BAEE-4F04-B3E6-EA786C34194B}"
EndProject
Project("{FAE04EC0-301F-11D3-BF4B-00C04F79EFBC}") = "DART.Core.Tests", "Tests\DART.Core.Tests\DART.Core.Tests.csproj", "{FDDA093F-B705-4D57-9AE5-B0E2A7103107}"
EndProject
Project("{FAE04EC0-301F-11D3-BF4B-00C04F79EFBC}") = "DART.EOLAnalysis.Tests", "Tests\DART.EOLAnalysis.Tests\DART.EOLAnalysis.Tests.csproj", "{A589A0EC-6335-4D0D-820A-664D198FCEB9}"
EndProject
Project("{FAE04EC0-301F-11D3-BF4B-00C04F79EFBC}") = "DART.ReportGenerator.Tests", "Tests\DART.ReportGenerator.Tests\DART.ReportGenerator.Tests.csproj", "{AA3CEF8A-8247-4FA8-885A-04DD22BC2D0E}"
EndProject
Global
	GlobalSection(SolutionConfigurationPlatforms) = preSolution
		Debug|Any CPU = Debug|Any CPU
		Debug|x64 = Debug|x64
		Debug|x86 = Debug|x86
		Release|Any CPU = Release|Any CPU
		Release|x64 = Release|x64
		Release|x86 = Release|x86
	EndGlobalSection
	GlobalSection(ProjectConfigurationPlatforms) = postSolution
		{CA31BB0A-8DF6-083B-DC74-B6F047BCC36E}.Debug|Any CPU.ActiveCfg = Debug|Any CPU
		{CA31BB0A-8DF6-083B-DC74-B6F047BCC36E}.Debug|Any CPU.Build.0 = Debug|Any CPU
		{CA31BB0A-8DF6-083B-DC74-B6F047BCC36E}.Debug|x64.ActiveCfg = Debug|Any CPU
		{CA31BB0A-8DF6-083B-DC74-B6F047BCC36E}.Debug|x64.Build.0 = Debug|Any CPU
		{CA31BB0A-8DF6-083B-DC74-B6F047BCC36E}.Debug|x86.ActiveCfg = Debug|Any CPU
		{CA31BB0A-8DF6-083B-DC74-B6F047BCC36E}.Debug|x86.Build.0 = Debug|Any CPU
		{CA31BB0A-8DF6-083B-DC74-B6F047BCC36E}.Release|Any CPU.ActiveCfg = Release|Any CPU
		{CA31BB0A-8DF6-083B-DC74-B6F047BCC36E}.Release|Any CPU.Build.0 = Release|Any CPU
		{CA31BB0A-8DF6-083B-DC74-B6F047BCC36E}.Release|x64.ActiveCfg = Release|Any CPU
		{CA31BB0A-8DF6-083B-DC74-B6F047BCC36E}.Release|x64.Build.0 = Release|Any CPU
		{CA31BB0A-8DF6-083B-DC74-B6F047BCC36E}.Release|x86.ActiveCfg = Release|Any CPU
		{CA31BB0A-8DF6-083B-DC74-B6F047BCC36E}.Release|x86.Build.0 = Release|Any CPU
		{CF724A06-2987-3289-0554-5150C8E5DBAF}.Debug|Any CPU.ActiveCfg = Debug|Any CPU
		{CF724A06-2987-3289-0554-5150C8E5DBAF}.Debug|Any CPU.Build.0 = Debug|Any CPU
		{CF724A06-2987-3289-0554-5150C8E5DBAF}.Debug|x64.ActiveCfg = Debug|Any CPU
		{CF724A06-2987-3289-0554-5150C8E5DBAF}.Debug|x64.Build.0 = Debug|Any CPU
		{CF724A06-2987-3289-0554-5150C8E5DBAF}.Debug|x86.ActiveCfg = Debug|Any CPU
		{CF724A06-2987-3289-0554-5150C8E5DBAF}.Debug|x86.Build.0 = Debug|Any CPU
		{CF724A06-2987-3289-0554-5150C8E5DBAF}.Release|Any CPU.ActiveCfg = Release|Any CPU
		{CF724A06-2987-3289-0554-5150C8E5DBAF}.Release|Any CPU.Build.0 = Release|Any CPU
		{CF724A06-2987-3289-0554-5150C8E5DBAF}.Release|x64.ActiveCfg = Release|Any CPU
		{CF724A06-2987-3289-0554-5150C8E5DBAF}.Release|x64.Build.0 = Release|Any CPU
		{CF724A06-2987-3289-0554-5150C8E5DBAF}.Release|x86.ActiveCfg = Release|Any CPU
		{CF724A06-2987-3289-0554-5150C8E5DBAF}.Release|x86.Build.0 = Release|Any CPU
		{4E3BE213-5F51-E0A1-5135-31F16AB875B6}.Debug|Any CPU.ActiveCfg = Debug|Any CPU
		{4E3BE213-5F51-E0A1-5135-31F16AB875B6}.Debug|Any CPU.Build.0 = Debug|Any CPU
		{4E3BE213-5F51-E0A1-5135-31F16AB875B6}.Debug|x64.ActiveCfg = Debug|Any CPU
		{4E3BE213-5F51-E0A1-5135-31F16AB875B6}.Debug|x64.Build.0 = Debug|Any CPU
		{4E3BE213-5F51-E0A1-5135-31F16AB875B6}.Debug|x86.ActiveCfg = Debug|Any CPU
		{4E3BE213-5F51-E0A1-5135-31F16AB875B6}.Debug|x86.Build.0 = Debug|Any CPU
		{4E3BE213-5F51-E0A1-5135-31F16AB875B6}.Release|Any CPU.ActiveCfg = Release|Any CPU
		{4E3BE213-5F51-E0A1-5135-31F16AB875B6}.Release|Any CPU.Build.0 = Release|Any CPU
		{4E3BE213-5F51-E0A1-5135-31F16AB875B6}.Release|x64.ActiveCfg = Release|Any CPU
		{4E3BE213-5F51-E0A1-5135-31F16AB875B6}.Release|x64.Build.0 = Release|Any CPU
		{4E3BE213-5F51-E0A1-5135-31F16AB875B6}.Release|x86.ActiveCfg = Release|Any CPU
		{4E3BE213-5F51-E0A1-5135-31F16AB875B6}.Release|x86.Build.0 = Release|Any CPU
		{42D20F8F-7FB1-6F85-F16F-0399667FC2C2}.Debug|Any CPU.ActiveCfg = Debug|Any CPU
		{42D20F8F-7FB1-6F85-F16F-0399667FC2C2}.Debug|Any CPU.Build.0 = Debug|Any CPU
		{42D20F8F-7FB1-6F85-F16F-0399667FC2C2}.Debug|x64.ActiveCfg = Debug|Any CPU
		{42D20F8F-7FB1-6F85-F16F-0399667FC2C2}.Debug|x64.Build.0 = Debug|Any CPU
		{42D20F8F-7FB1-6F85-F16F-0399667FC2C2}.Debug|x86.ActiveCfg = Debug|Any CPU
		{42D20F8F-7FB1-6F85-F16F-0399667FC2C2}.Debug|x86.Build.0 = Debug|Any CPU
		{42D20F8F-7FB1-6F85-F16F-0399667FC2C2}.Release|Any CPU.ActiveCfg = Release|Any CPU
		{42D20F8F-7FB1-6F85-F16F-0399667FC2C2}.Release|Any CPU.Build.0 = Release|Any CPU
		{42D20F8F-7FB1-6F85-F16F-0399667FC2C2}.Release|x64.ActiveCfg = Release|Any CPU
		{42D20F8F-7FB1-6F85-F16F-0399667FC2C2}.Release|x64.Build.0 = Release|Any CPU
		{42D20F8F-7FB1-6F85-F16F-0399667FC2C2}.Release|x86.ActiveCfg = Release|Any CPU
		{42D20F8F-7FB1-6F85-F16F-0399667FC2C2}.Release|x86.Build.0 = Release|Any CPU
		{78092481-BC43-50F1-DCC1-1C1B277D19D2}.Debug|Any CPU.ActiveCfg = Debug|Any CPU
		{78092481-BC43-50F1-DCC1-1C1B277D19D2}.Debug|Any CPU.Build.0 = Debug|Any CPU
		{78092481-BC43-50F1-DCC1-1C1B277D19D2}.Debug|x64.ActiveCfg = Debug|Any CPU
		{78092481-BC43-50F1-DCC1-1C1B277D19D2}.Debug|x64.Build.0 = Debug|Any CPU
		{78092481-BC43-50F1-DCC1-1C1B277D19D2}.Debug|x86.ActiveCfg = Debug|Any CPU
		{78092481-BC43-50F1-DCC1-1C1B277D19D2}.Debug|x86.Build.0 = Debug|Any CPU
		{78092481-BC43-50F1-DCC1-1C1B277D19D2}.Release|Any CPU.ActiveCfg = Release|Any CPU
		{78092481-BC43-50F1-DCC1-1C1B277D19D2}.Release|Any CPU.Build.0 = Release|Any CPU
		{78092481-BC43-50F1-DCC1-1C1B277D19D2}.Release|x64.ActiveCfg = Release|Any CPU
		{78092481-BC43-50F1-DCC1-1C1B277D19D2}.Release|x64.Build.0 = Release|Any CPU
		{78092481-BC43-50F1-DCC1-1C1B277D19D2}.Release|x86.ActiveCfg = Release|Any CPU
		{78092481-BC43-50F1-DCC1-1C1B277D19D2}.Release|x86.Build.0 = Release|Any CPU
		{F9591E92-5869-478C-A6EB-50C5428E98FE}.Debug|Any CPU.ActiveCfg = Debug|Any CPU
		{F9591E92-5869-478C-A6EB-50C5428E98FE}.Debug|Any CPU.Build.0 = Debug|Any CPU
		{F9591E92-5869-478C-A6EB-50C5428E98FE}.Debug|x64.ActiveCfg = Debug|Any CPU
		{F9591E92-5869-478C-A6EB-50C5428E98FE}.Debug|x64.Build.0 = Debug|Any CPU
		{F9591E92-5869-478C-A6EB-50C5428E98FE}.Debug|x86.ActiveCfg = Debug|Any CPU
		{F9591E92-5869-478C-A6EB-50C5428E98FE}.Debug|x86.Build.0 = Debug|Any CPU
		{F9591E92-5869-478C-A6EB-50C5428E98FE}.Release|Any CPU.ActiveCfg = Release|Any CPU
		{F9591E92-5869-478C-A6EB-50C5428E98FE}.Release|Any CPU.Build.0 = Release|Any CPU
		{F9591E92-5869-478C-A6EB-50C5428E98FE}.Release|x64.ActiveCfg = Release|Any CPU
		{F9591E92-5869-478C-A6EB-50C5428E98FE}.Release|x64.Build.0 = Release|Any CPU
		{F9591E92-5869-478C-A6EB-50C5428E98FE}.Release|x86.ActiveCfg = Release|Any CPU
		{F9591E92-5869-478C-A6EB-50C5428E98FE}.Release|x86.Build.0 = Release|Any CPU
		{5B686C1C-BAEE-4F04-B3E6-EA786C34194B}.Debug|Any CPU.ActiveCfg = Debug|Any CPU
		{5B686C1C-BAEE-4F04-B3E6-EA786C34194B}.Debug|Any CPU.Build.0 = Debug|Any CPU
		{5B686C1C-BAEE-4F04-B3E6-EA786C34194B}.Debug|x64.ActiveCfg = Debug|Any CPU
		{5B686C1C-BAEE-4F04-B3E6-EA786C34194B}.Debug|x64.Build.0 = Debug|Any CPU
		{5B686C1C-BAEE-4F04-B3E6-EA786C34194B}.Debug|x86.ActiveCfg = Debug|Any CPU
		{5B686C1C-BAEE-4F04-B3E6-EA786C34194B}.Debug|x86.Build.0 = Debug|Any CPU
		{5B686C1C-BAEE-4F04-B3E6-EA786C34194B}.Release|Any CPU.ActiveCfg = Release|Any CPU
		{5B686C1C-BAEE-4F04-B3E6-EA786C34194B}.Release|Any CPU.Build.0 = Release|Any CPU
		{5B686C1C-BAEE-4F04-B3E6-EA786C34194B}.Release|x64.ActiveCfg = Release|Any CPU
		{5B686C1C-BAEE-4F04-B3E6-EA786C34194B}.Release|x64.Build.0 = Release|Any CPU
		{5B686C1C-BAEE-4F04-B3E6-EA786C34194B}.Release|x86.ActiveCfg = Release|Any CPU
		{5B686C1C-BAEE-4F04-B3E6-EA786C34194B}.Release|x86.Build.0 = Release|Any CPU
		{FDDA093F-B705-4D57-9AE5-B0E2A7103107}.Debug|Any CPU.ActiveCfg = Debug|Any CPU
		{FDDA093F-B705-4D57-9AE5-B0E2A7103107}.Debug|Any CPU.Build.0 = Debug|Any CPU
		{FDDA093F-B705-4D57-9AE5-B0E2A7103107}.Debug|x64.ActiveCfg = Debug|Any CPU
		{FDDA093F-B705-4D57-9AE5-B0E2A7103107}.Debug|x64.Build.0 = Debug|Any CPU
		{FDDA093F-B705-4D57-9AE5-B0E2A7103107}.Debug|x86.ActiveCfg = Debug|Any CPU
		{FDDA093F-B705-4D57-9AE5-B0E2A7103107}.Debug|x86.Build.0 = Debug|Any CPU
		{FDDA093F-B705-4D57-9AE5-B0E2A7103107}.Release|Any CPU.ActiveCfg = Release|Any CPU
		{FDDA093F-B705-4D57-9AE5-B0E2A7103107}.Release|Any CPU.Build.0 = Release|Any CPU
		{FDDA093F-B705-4D57-9AE5-B0E2A7103107}.Release|x64.ActiveCfg = Release|Any CPU
		{FDDA093F-B705-4D57-9AE5-B0E2A7103107}.Release|x64.Build.0 = Release|Any CPU
		{FDDA093F-B705-4D57-9AE5-B0E2A7103107}.Release|x86.ActiveCfg = Release|Any CPU
		{FDDA093F-B705-4D57-9AE5-B0E2A7103107}.Release|x86.Build.0 = Release|Any CPU
		{A589A0EC-6335-4D0D-820A-664D198FCEB9}.Debug|Any CPU.ActiveCfg = Debug|Any CPU
		{A589A0EC-6335-4D0D-820A-664D198FCEB9}.Debug|Any CPU.Build.0 = Debug|Any CPU
		{A589A0EC-6335-4D0D-820A-664D198FCEB9}.Debug|x64.ActiveCfg = Debug|Any CPU
		{A589A0EC-6335-4D0D-820A-664D198FCEB9}.Debug|x64.Build.0 = Debug|Any CPU
		{A589A0EC-6335-4D0D-820A-664D198FCEB9}.Debug|x86.ActiveCfg = Debug|Any CPU
		{A589A0EC-6335-4D0D-820A-664D198FCEB9}.Debug|x86.Build.0 = Debug|Any CPU
		{A589A0EC-6335-4D0D-820A-664D198FCEB9}.Release|Any CPU.ActiveCfg = Release|Any CPU
		{A589A0EC-6335-4D0D-820A-664D198FCEB9}.Release|Any CPU.Build.0 = Release|Any CPU
		{A589A0EC-6335-4D0D-820A-664D198FCEB9}.Release|x64.ActiveCfg = Release|Any CPU
		{A589A0EC-6335-4D0D-820A-664D198FCEB9}.Release|x64.Build.0 = Release|Any CPU
		{A589A0EC-6335-4D0D-820A-664D198FCEB9}.Release|x86.ActiveCfg = Release|Any CPU
		{A589A0EC-6335-4D0D-820A-664D198FCEB9}.Release|x86.Build.0 = Release|Any CPU
		{AA3CEF8A-8247-4FA8-885A-04DD22BC2D0E}.Debug|Any CPU.ActiveCfg = Debug|Any CPU
		{AA3CEF8A-8247-4FA8-885A-04DD22BC2D0E}.Debug|Any CPU.Build.0 = Debug|Any CPU
		{AA3CEF8A-8247-4FA8-885A-04DD22BC2D0E}.Debug|x64.ActiveCfg = Debug|Any CPU
		{AA3CEF8A-8247-4FA8-885A-04DD22BC2D0E}.Debug|x64.Build.0 = Debug|Any CPU
		{AA3CEF8A-8247-4FA8-885A-04DD22BC2D0E}.Debug|x86.ActiveCfg = Debug|Any CPU
		{AA3CEF8A-8247-4FA8-885A-04DD22BC2D0E}.Debug|x86.Build.0 = Debug|Any CPU
		{AA3CEF8A-8247-4FA8-885A-04DD22BC2D0E}.Release|Any CPU.ActiveCfg = Release|Any CPU
		{AA3CEF8A-8247-4FA8-885A-04DD22BC2D0E}.Release|Any CPU.Build.0 = Release|Any CPU
		{AA3CEF8A-8247-4FA8-885A-04DD22BC2D0E}.Release|x64.ActiveCfg = Release|Any CPU
		{AA3CEF8A-8247-4FA8-885A-04DD22BC2D0E}.Release|x64.Build.0 = Release|Any CPU
		{AA3CEF8A-8247-4FA8-885A-04DD22BC2D0E}.Release|x86.ActiveCfg = Release|Any CPU
		{AA3CEF8A-8247-4FA8-885A-04DD22BC2D0E}.Release|x86.Build.0 = Release|Any CPU
	EndGlobalSection
	GlobalSection(SolutionProperties) = preSolution
		HideSolutionNode = FALSE
	EndGlobalSection
	GlobalSection(NestedProjects) = preSolution
		{CA31BB0A-8DF6-083B-DC74-B6F047BCC36E} = {E3E30E59-E3EF-4E92-82E0-9FF6123508D5}
		{CF724A06-2987-3289-0554-5150C8E5DBAF} = {E3E30E59-E3EF-4E92-82E0-9FF6123508D5}
		{4E3BE213-5F51-E0A1-5135-31F16AB875B6} = {E3E30E59-E3EF-4E92-82E0-9FF6123508D5}
		{42D20F8F-7FB1-6F85-F16F-0399667FC2C2} = {E3E30E59-E3EF-4E92-82E0-9FF6123508D5}
		{78092481-BC43-50F1-DCC1-1C1B277D19D2} = {E3E30E59-E3EF-4E92-82E0-9FF6123508D5}
		{F9591E92-5869-478C-A6EB-50C5428E98FE} = {578B6E89-CECF-4525-8892-E6ED9B71A7BF}
		{5B686C1C-BAEE-4F04-B3E6-EA786C34194B} = {578B6E89-CECF-4525-8892-E6ED9B71A7BF}
		{FDDA093F-B705-4D57-9AE5-B0E2A7103107} = {578B6E89-CECF-4525-8892-E6ED9B71A7BF}
		{A589A0EC-6335-4D0D-820A-664D198FCEB9} = {578B6E89-CECF-4525-8892-E6ED9B71A7BF}
		{AA3CEF8A-8247-4FA8-885A-04DD22BC2D0E} = {578B6E89-CECF-4525-8892-E6ED9B71A7BF}
	EndGlobalSection
	GlobalSection(ExtensibilityGlobals) = postSolution
		SolutionGuid = {375167B4-B3AB-4959-B363-E24D3CA843C9}
	EndGlobalSection
EndGlobal
