
Microsoft Visual Studio Solution File, Format Version 12.00
# Visual Studio Version 17
VisualStudioVersion = 17.9.34902.65
MinimumVisualStudioVersion = 10.0.40219.1
Project("{FAE04EC0-301F-11D3-BF4B-00C04F79EFBC}") = "DART.BlackduckAnalysis", "BlackduckReportGenerator\DART.BlackduckAnalysis.csproj", "{7DC10E55-CA8B-407A-ACC6-7BEA86067C67}"
EndProject
Project("{FAE04EC0-301F-11D3-BF4B-00C04F79EFBC}") = "DART", "DART\DART.csproj", "{B606596F-8AD9-3F41-B0EC-8CF013E11E23}"
EndProject
Project("{FAE04EC0-301F-11D3-BF4B-00C04F79EFBC}") = "DART.EOLAnalysis", "DART.EOLAnalysis\DART.EOLAnalysis.csproj", "{12345678-1234-5678-9ABC-123456789012}"
EndProject
Project("{FAE04EC0-301F-11D3-BF4B-00C04F79EFBC}") = "DART.Tests", "DART.Tests\DART.Tests.csproj", "{50B7C2B2-217E-4B74-8045-26668D9ECFB4}"
EndProject
Global
	GlobalSection(SolutionConfigurationPlatforms) = preSolution
		Debug|Any CPU = Debug|Any CPU
		Debug|x64 = Debug|x64
		Debug|x86 = Debug|x86
		Release|Any CPU = Release|Any CPU
		Release|x64 = Release|x64
		Release|x86 = Release|x86
	EndGlobalSection
	GlobalSection(ProjectConfigurationPlatforms) = postSolution
		{7DC10E55-CA8B-407A-ACC6-7BEA86067C67}.Debug|Any CPU.ActiveCfg = Debug|Any CPU
		{7DC10E55-CA8B-407A-ACC6-7BEA86067C67}.Debug|Any CPU.Build.0 = Debug|Any CPU
		{7DC10E55-CA8B-407A-ACC6-7BEA86067C67}.Debug|x64.ActiveCfg = Debug|Any CPU
		{7DC10E55-CA8B-407A-ACC6-7BEA86067C67}.Debug|x64.Build.0 = Debug|Any CPU
		{7DC10E55-CA8B-407A-ACC6-7BEA86067C67}.Debug|x86.ActiveCfg = Debug|Any CPU
		{7DC10E55-CA8B-407A-ACC6-7BEA86067C67}.Debug|x86.Build.0 = Debug|Any CPU
		{7DC10E55-CA8B-407A-ACC6-7BEA86067C67}.Release|Any CPU.ActiveCfg = Release|Any CPU
		{7DC10E55-CA8B-407A-ACC6-7BEA86067C67}.Release|Any CPU.Build.0 = Release|Any CPU
		{7DC10E55-CA8B-407A-ACC6-7BEA86067C67}.Release|x64.ActiveCfg = Release|Any CPU
		{7DC10E55-CA8B-407A-ACC6-7BEA86067C67}.Release|x64.Build.0 = Release|Any CPU
		{7DC10E55-CA8B-407A-ACC6-7BEA86067C67}.Release|x86.ActiveCfg = Release|Any CPU
		{7DC10E55-CA8B-407A-ACC6-7BEA86067C67}.Release|x86.Build.0 = Release|Any CPU
		{B606596F-8AD9-3F41-B0EC-8CF013E11E23}.Debug|Any CPU.ActiveCfg = Debug|Any CPU
		{B606596F-8AD9-3F41-B0EC-8CF013E11E23}.Debug|Any CPU.Build.0 = Debug|Any CPU
		{B606596F-8AD9-3F41-B0EC-8CF013E11E23}.Debug|x64.ActiveCfg = Debug|Any CPU
		{B606596F-8AD9-3F41-B0EC-8CF013E11E23}.Debug|x64.Build.0 = Debug|Any CPU
		{B606596F-8AD9-3F41-B0EC-8CF013E11E23}.Debug|x86.ActiveCfg = Debug|Any CPU
		{B606596F-8AD9-3F41-B0EC-8CF013E11E23}.Debug|x86.Build.0 = Debug|Any CPU
		{B606596F-8AD9-3F41-B0EC-8CF013E11E23}.Release|Any CPU.ActiveCfg = Release|Any CPU
		{B606596F-8AD9-3F41-B0EC-8CF013E11E23}.Release|Any CPU.Build.0 = Release|Any CPU
		{B606596F-8AD9-3F41-B0EC-8CF013E11E23}.Release|x64.ActiveCfg = Release|Any CPU
		{B606596F-8AD9-3F41-B0EC-8CF013E11E23}.Release|x64.Build.0 = Release|Any CPU
		{B606596F-8AD9-3F41-B0EC-8CF013E11E23}.Release|x86.ActiveCfg = Release|Any CPU
		{B606596F-8AD9-3F41-B0EC-8CF013E11E23}.Release|x86.Build.0 = Release|Any CPU
		{12345678-1234-5678-9ABC-123456789012}.Debug|Any CPU.ActiveCfg = Debug|Any CPU
		{12345678-1234-5678-9ABC-123456789012}.Debug|Any CPU.Build.0 = Debug|Any CPU
		{12345678-1234-5678-9ABC-123456789012}.Debug|x64.ActiveCfg = Debug|Any CPU
		{12345678-1234-5678-9ABC-123456789012}.Debug|x64.Build.0 = Debug|Any CPU
		{12345678-1234-5678-9ABC-123456789012}.Debug|x86.ActiveCfg = Debug|Any CPU
		{12345678-1234-5678-9ABC-123456789012}.Debug|x86.Build.0 = Debug|Any CPU
		{12345678-1234-5678-9ABC-123456789012}.Release|Any CPU.ActiveCfg = Release|Any CPU
		{12345678-1234-5678-9ABC-123456789012}.Release|Any CPU.Build.0 = Release|Any CPU
		{12345678-1234-5678-9ABC-123456789012}.Release|x64.ActiveCfg = Release|Any CPU
		{12345678-1234-5678-9ABC-123456789012}.Release|x64.Build.0 = Release|Any CPU
		{12345678-1234-5678-9ABC-123456789012}.Release|x86.ActiveCfg = Release|Any CPU
		{12345678-1234-5678-9ABC-123456789012}.Release|x86.Build.0 = Release|Any CPU
		{50B7C2B2-217E-4B74-8045-26668D9ECFB4}.Debug|Any CPU.ActiveCfg = Debug|Any CPU
		{50B7C2B2-217E-4B74-8045-26668D9ECFB4}.Debug|Any CPU.Build.0 = Debug|Any CPU
		{50B7C2B2-217E-4B74-8045-26668D9ECFB4}.Debug|x64.ActiveCfg = Debug|Any CPU
		{50B7C2B2-217E-4B74-8045-26668D9ECFB4}.Debug|x64.Build.0 = Debug|Any CPU
		{50B7C2B2-217E-4B74-8045-26668D9ECFB4}.Debug|x86.ActiveCfg = Debug|Any CPU
		{50B7C2B2-217E-4B74-8045-26668D9ECFB4}.Debug|x86.Build.0 = Debug|Any CPU
		{50B7C2B2-217E-4B74-8045-26668D9ECFB4}.Release|Any CPU.ActiveCfg = Release|Any CPU
		{50B7C2B2-217E-4B74-8045-26668D9ECFB4}.Release|Any CPU.Build.0 = Release|Any CPU
		{50B7C2B2-217E-4B74-8045-26668D9ECFB4}.Release|x64.ActiveCfg = Release|Any CPU
		{50B7C2B2-217E-4B74-8045-26668D9ECFB4}.Release|x64.Build.0 = Release|Any CPU
		{50B7C2B2-217E-4B74-8045-26668D9ECFB4}.Release|x86.ActiveCfg = Release|Any CPU
		{50B7C2B2-217E-4B74-8045-26668D9ECFB4}.Release|x86.Build.0 = Release|Any CPU
	EndGlobalSection
	GlobalSection(SolutionProperties) = preSolution
		HideSolutionNode = FALSE
	EndGlobalSection
	GlobalSection(ExtensibilityGlobals) = postSolution
		SolutionGuid = {375167B4-B3AB-4959-B363-E24D3CA843C9}
	EndGlobalSection
EndGlobal
